
Microsoft Visual Studio Solution File, Format Version 12.00
Project("{FAE04EC0-301F-11D3-BF4B-00C04F79EFBC}") = "ExportPaperless", "ExportPaperless\ExportPaperless.csproj", "{9BEC7CDE-01DB-4F41-BE99-A9B420159FBD}"
EndProject
Project("{FAE04EC0-301F-11D3-BF4B-00C04F79EFBC}") = "ExportPaperless.Domain", "ExportPaperless.Domain\ExportPaperless.Domain.csproj", "{687834FE-8189-4705-B27A-74EDF73EC02B}"
EndProject
Project("{FAE04EC0-301F-11D3-BF4B-00C04F79EFBC}") = "ExportPaperless.PaperlessApi", "ExportPaperless.PaperlessApi\ExportPaperless.PaperlessApi.csproj", "{8D5A8436-2DA2-4493-81CA-E5DDDC154D05}"
EndProject
Project("{FAE04EC0-301F-11D3-BF4B-00C04F79EFBC}") = "ExportPaperless.Rest", "ExportPaperless.Rest\ExportPaperless.Rest.csproj", "{E371A881-E210-40C1-8260-EADA988E6CB4}"
EndProject
Project("{FAE04EC0-301F-11D3-BF4B-00C04F79EFBC}") = "ExportPaperless.McpServer", "ExportPaperless.McpServer\ExportPaperless.McpServer.csproj", "{F734D3AD-F73F-4A8D-B14B-CC8618270363}"
EndProject
Project("{FAE04EC0-301F-11D3-BF4B-00C04F79EFBC}") = "ExportPaperless.Excel", "ExportPaperless.Excel\ExportPaperless.Excel.csproj", "{57EF0FC3-52FC-456B-B3DA-EB56F3156A97}"
EndProject
Project("{FAE04EC0-301F-11D3-BF4B-00C04F79EFBC}") = "ExportPaperless.Services", "ExportPaperless.Services\ExportPaperless.Services.csproj", "{2AC33A57-09E6-4932-A072-749030417C94}"
EndProject
Project("{FAE04EC0-301F-11D3-BF4B-00C04F79EFBC}") = "ExportPaperless.Storage", "ExportPaperless.Storage\ExportPaperless.Storage.csproj", "{4AA15CA6-B715-4B39-9827-1528E700F49A}"
EndProject
Project("{FAE04EC0-301F-11D3-BF4B-00C04F79EFBC}") = "ExportPaperless.Mcp", "ExportPaperless.Mcp\ExportPaperless.Mcp.csproj", "{CA5AC03C-F92E-4E2F-850E-99C74BB7315A}"
EndProject
Project("{FAE04EC0-301F-11D3-BF4B-00C04F79EFBC}") = "ExportPaperless.McpServer.SSE", "ExportPaperless.McpServer.SSE\ExportPaperless.McpServer.SSE.csproj", "{9C93E424-AC4D-4F41-93D0-477D74637E20}"
EndProject
Global
	GlobalSection(SolutionConfigurationPlatforms) = preSolution
		Debug|Any CPU = Debug|Any CPU
		Release|Any CPU = Release|Any CPU
	EndGlobalSection
	GlobalSection(ProjectConfigurationPlatforms) = postSolution
		{9BEC7CDE-01DB-4F41-BE99-A9B420159FBD}.Debug|Any CPU.ActiveCfg = Debug|Any CPU
		{9BEC7CDE-01DB-4F41-BE99-A9B420159FBD}.Debug|Any CPU.Build.0 = Debug|Any CPU
		{9BEC7CDE-01DB-4F41-BE99-A9B420159FBD}.Release|Any CPU.ActiveCfg = Release|Any CPU
		{9BEC7CDE-01DB-4F41-BE99-A9B420159FBD}.Release|Any CPU.Build.0 = Release|Any CPU
		{687834FE-8189-4705-B27A-74EDF73EC02B}.Debug|Any CPU.ActiveCfg = Debug|Any CPU
		{687834FE-8189-4705-B27A-74EDF73EC02B}.Debug|Any CPU.Build.0 = Debug|Any CPU
		{687834FE-8189-4705-B27A-74EDF73EC02B}.Release|Any CPU.ActiveCfg = Release|Any CPU
		{687834FE-8189-4705-B27A-74EDF73EC02B}.Release|Any CPU.Build.0 = Release|Any CPU
		{8D5A8436-2DA2-4493-81CA-E5DDDC154D05}.Debug|Any CPU.ActiveCfg = Debug|Any CPU
		{8D5A8436-2DA2-4493-81CA-E5DDDC154D05}.Debug|Any CPU.Build.0 = Debug|Any CPU
		{8D5A8436-2DA2-4493-81CA-E5DDDC154D05}.Release|Any CPU.ActiveCfg = Release|Any CPU
		{8D5A8436-2DA2-4493-81CA-E5DDDC154D05}.Release|Any CPU.Build.0 = Release|Any CPU
		{E371A881-E210-40C1-8260-EADA988E6CB4}.Debug|Any CPU.ActiveCfg = Debug|Any CPU
		{E371A881-E210-40C1-8260-EADA988E6CB4}.Debug|Any CPU.Build.0 = Debug|Any CPU
		{E371A881-E210-40C1-8260-EADA988E6CB4}.Release|Any CPU.ActiveCfg = Release|Any CPU
		{E371A881-E210-40C1-8260-EADA988E6CB4}.Release|Any CPU.Build.0 = Release|Any CPU
		{F734D3AD-F73F-4A8D-B14B-CC8618270363}.Debug|Any CPU.ActiveCfg = Debug|Any CPU
		{F734D3AD-F73F-4A8D-B14B-CC8618270363}.Debug|Any CPU.Build.0 = Debug|Any CPU
		{F734D3AD-F73F-4A8D-B14B-CC8618270363}.Release|Any CPU.ActiveCfg = Release|Any CPU
		{F734D3AD-F73F-4A8D-B14B-CC8618270363}.Release|Any CPU.Build.0 = Release|Any CPU
		{57EF0FC3-52FC-456B-B3DA-EB56F3156A97}.Debug|Any CPU.ActiveCfg = Debug|Any CPU
		{57EF0FC3-52FC-456B-B3DA-EB56F3156A97}.Debug|Any CPU.Build.0 = Debug|Any CPU
		{57EF0FC3-52FC-456B-B3DA-EB56F3156A97}.Release|Any CPU.ActiveCfg = Release|Any CPU
		{57EF0FC3-52FC-456B-B3DA-EB56F3156A97}.Release|Any CPU.Build.0 = Release|Any CPU
		{2AC33A57-09E6-4932-A072-749030417C94}.Debug|Any CPU.ActiveCfg = Debug|Any CPU
		{2AC33A57-09E6-4932-A072-749030417C94}.Debug|Any CPU.Build.0 = Debug|Any CPU
		{2AC33A57-09E6-4932-A072-749030417C94}.Release|Any CPU.ActiveCfg = Release|Any CPU
		{2AC33A57-09E6-4932-A072-749030417C94}.Release|Any CPU.Build.0 = Release|Any CPU
		{4AA15CA6-B715-4B39-9827-1528E700F49A}.Debug|Any CPU.ActiveCfg = Debug|Any CPU
		{4AA15CA6-B715-4B39-9827-1528E700F49A}.Debug|Any CPU.Build.0 = Debug|Any CPU
		{4AA15CA6-B715-4B39-9827-1528E700F49A}.Release|Any CPU.ActiveCfg = Release|Any CPU
		{4AA15CA6-B715-4B39-9827-1528E700F49A}.Release|Any CPU.Build.0 = Release|Any CPU
		{CA5AC03C-F92E-4E2F-850E-99C74BB7315A}.Debug|Any CPU.ActiveCfg = Debug|Any CPU
		{CA5AC03C-F92E-4E2F-850E-99C74BB7315A}.Debug|Any CPU.Build.0 = Debug|Any CPU
		{CA5AC03C-F92E-4E2F-850E-99C74BB7315A}.Release|Any CPU.ActiveCfg = Release|Any CPU
		{CA5AC03C-F92E-4E2F-850E-99C74BB7315A}.Release|Any CPU.Build.0 = Release|Any CPU
		{9C93E424-AC4D-4F41-93D0-477D74637E20}.Debug|Any CPU.ActiveCfg = Debug|Any CPU
		{9C93E424-AC4D-4F41-93D0-477D74637E20}.Debug|Any CPU.Build.0 = Debug|Any CPU
		{9C93E424-AC4D-4F41-93D0-477D74637E20}.Release|Any CPU.ActiveCfg = Release|Any CPU
		{9C93E424-AC4D-4F41-93D0-477D74637E20}.Release|Any CPU.Build.0 = Release|Any CPU
	EndGlobalSection
EndGlobal
